
Microsoft Visual Studio Solution File, Format Version 12.00
Project("{FAE04EC0-301F-11D3-BF4B-00C04F79EFBC}") = "NeBrowser", "NeBrowser.csproj", "{ECA06E8B-21BA-4C91-B81B-DDEE6225E0FF}"
EndProject
Global
	GlobalSection(SolutionConfigurationPlatforms) = preSolution
		Debug|Any CPU = Debug|Any CPU
		Release|Any CPU = Release|Any CPU
	EndGlobalSection
	GlobalSection(ProjectConfigurationPlatforms) = postSolution
		{ECA06E8B-21BA-4C91-B81B-DDEE6225E0FF}.Debug|Any CPU.ActiveCfg = Debug|Any CPU
		{ECA06E8B-21BA-4C91-B81B-DDEE6225E0FF}.Debug|Any CPU.Build.0 = Debug|Any CPU
		{ECA06E8B-21BA-4C91-B81B-DDEE6225E0FF}.Release|Any CPU.ActiveCfg = Release|Any CPU
		{ECA06E8B-21BA-4C91-B81B-DDEE6225E0FF}.Release|Any CPU.Build.0 = Release|Any CPU
	EndGlobalSection
EndGlobal
